
Microsoft Visual Studio Solution File, Format Version 12.00
# Visual Studio 15
VisualStudioVersion = 15.0.27703.2035
MinimumVisualStudioVersion = 10.0.40219.1
Project("{9A19103F-16F7-4668-BE54-9A1E7A4F7556}") = "DurableECommerceWorkflow", "DurableECommerceWorkflow\DurableECommerceWorkflow.csproj", "{E986C168-BA17-4412-897A-0AFC9DA77CD5}"
EndProject
Project("{2150E333-8FDC-42A3-9474-1A3956D46DE8}") = "Solution Items", "Solution Items", "{51D25259-D7B2-4C38-8EF3-42A4BE480B9D}"
	ProjectSection(SolutionItems) = preProject
		global.json = global.json
		README.md = README.md
	EndProjectSection
EndProject
Project("{9A19103F-16F7-4668-BE54-9A1E7A4F7556}") = "DurableECommerceWeb", "DurableECommerceWeb\DurableECommerceWeb.csproj", "{484DA20F-1F96-4CC7-A83F-5010C4D6AE66}"
EndProject
Global
	GlobalSection(SolutionConfigurationPlatforms) = preSolution
		Debug|Any CPU = Debug|Any CPU
		Release|Any CPU = Release|Any CPU
	EndGlobalSection
	GlobalSection(ProjectConfigurationPlatforms) = postSolution
		{E986C168-BA17-4412-897A-0AFC9DA77CD5}.Debug|Any CPU.ActiveCfg = Debug|Any CPU
		{E986C168-BA17-4412-897A-0AFC9DA77CD5}.Debug|Any CPU.Build.0 = Debug|Any CPU
		{E986C168-BA17-4412-897A-0AFC9DA77CD5}.Release|Any CPU.ActiveCfg = Release|Any CPU
		{E986C168-BA17-4412-897A-0AFC9DA77CD5}.Release|Any CPU.Build.0 = Release|Any CPU
		{484DA20F-1F96-4CC7-A83F-5010C4D6AE66}.Debug|Any CPU.ActiveCfg = Debug|Any CPU
		{484DA20F-1F96-4CC7-A83F-5010C4D6AE66}.Debug|Any CPU.Build.0 = Debug|Any CPU
		{484DA20F-1F96-4CC7-A83F-5010C4D6AE66}.Release|Any CPU.ActiveCfg = Release|Any CPU
		{484DA20F-1F96-4CC7-A83F-5010C4D6AE66}.Release|Any CPU.Build.0 = Release|Any CPU
	EndGlobalSection
	GlobalSection(SolutionProperties) = preSolution
		HideSolutionNode = FALSE
	EndGlobalSection
	GlobalSection(ExtensibilityGlobals) = postSolution
		SolutionGuid = {8F935D4B-2AB5-4EDB-9819-861DA86F4138}
	EndGlobalSection
EndGlobal
